
Microsoft Visual Studio Solution File, Format Version 12.00
# Visual Studio Version 17
VisualStudioVersion = 17.8.34601.278
MinimumVisualStudioVersion = 10.0.40219.1
Project("{2150E333-8FDC-42A3-9474-1A3956D46DE8}") = "0-Core", "0-Core", "{54FF9776-1BAC-4798-BFA8-360B31EFA660}"
EndProject
Project("{2150E333-8FDC-42A3-9474-1A3956D46DE8}") = "1-Presentation", "1-Presentation", "{7B166A86-89F3-4477-8651-CD2CB99881E9}"
EndProject
Project("{2150E333-8FDC-42A3-9474-1A3956D46DE8}") = "2-Infra", "2-Infra", "{EB801145-BA06-45B0-9344-889B4C5F5A57}"
EndProject
Project("{2150E333-8FDC-42A3-9474-1A3956D46DE8}") = "3-Testes", "3-Testes", "{22AE43C4-1028-4385-8453-EA28B4F1533B}"
EndProject
Project("{9A19103F-16F7-4668-BE54-9A1E7A4F7556}") = "tarefas.Core.Domain", "..\tarefas.Core.Domain\tarefas.Core.Domain.csproj", "{0B6612CE-F96D-4A61-B46D-AB3206157448}"
EndProject
Project("{9A19103F-16F7-4668-BE54-9A1E7A4F7556}") = "tarefas.Core.Application", "tarefas.Core.Application\tarefas.Core.Application.csproj", "{949CCC20-E87E-4DE7-8166-1B487E56CB5A}"
EndProject
Project("{9A19103F-16F7-4668-BE54-9A1E7A4F7556}") = "tarefa.Infra", "tarefa.Infra\tarefa.Infra.csproj", "{0DB83DBA-637C-47B6-B425-9C817A49DE5A}"
EndProject
Project("{9A19103F-16F7-4668-BE54-9A1E7A4F7556}") = "Application.Tests", "Application.Tests\Application.Tests.csproj", "{16929BCE-0EFC-4209-936D-04D610ACF9ED}"
EndProject
Project("{9A19103F-16F7-4668-BE54-9A1E7A4F7556}") = "tarefas.API", "tarefas.API\tarefas.API.csproj", "{24ACF852-C483-4B12-AF46-EBC3D6A1A072}"
EndProject
Global
	GlobalSection(SolutionConfigurationPlatforms) = preSolution
		Debug|Any CPU = Debug|Any CPU
		Release|Any CPU = Release|Any CPU
	EndGlobalSection
	GlobalSection(ProjectConfigurationPlatforms) = postSolution
		{0B6612CE-F96D-4A61-B46D-AB3206157448}.Debug|Any CPU.ActiveCfg = Debug|Any CPU
		{0B6612CE-F96D-4A61-B46D-AB3206157448}.Debug|Any CPU.Build.0 = Debug|Any CPU
		{0B6612CE-F96D-4A61-B46D-AB3206157448}.Release|Any CPU.ActiveCfg = Release|Any CPU
		{0B6612CE-F96D-4A61-B46D-AB3206157448}.Release|Any CPU.Build.0 = Release|Any CPU
		{949CCC20-E87E-4DE7-8166-1B487E56CB5A}.Debug|Any CPU.ActiveCfg = Debug|Any CPU
		{949CCC20-E87E-4DE7-8166-1B487E56CB5A}.Debug|Any CPU.Build.0 = Debug|Any CPU
		{949CCC20-E87E-4DE7-8166-1B487E56CB5A}.Release|Any CPU.ActiveCfg = Release|Any CPU
		{949CCC20-E87E-4DE7-8166-1B487E56CB5A}.Release|Any CPU.Build.0 = Release|Any CPU
		{0DB83DBA-637C-47B6-B425-9C817A49DE5A}.Debug|Any CPU.ActiveCfg = Debug|Any CPU
		{0DB83DBA-637C-47B6-B425-9C817A49DE5A}.Debug|Any CPU.Build.0 = Debug|Any CPU
		{0DB83DBA-637C-47B6-B425-9C817A49DE5A}.Release|Any CPU.ActiveCfg = Release|Any CPU
		{0DB83DBA-637C-47B6-B425-9C817A49DE5A}.Release|Any CPU.Build.0 = Release|Any CPU
		{16929BCE-0EFC-4209-936D-04D610ACF9ED}.Debug|Any CPU.ActiveCfg = Debug|Any CPU
		{16929BCE-0EFC-4209-936D-04D610ACF9ED}.Debug|Any CPU.Build.0 = Debug|Any CPU
		{16929BCE-0EFC-4209-936D-04D610ACF9ED}.Release|Any CPU.ActiveCfg = Release|Any CPU
		{16929BCE-0EFC-4209-936D-04D610ACF9ED}.Release|Any CPU.Build.0 = Release|Any CPU
		{24ACF852-C483-4B12-AF46-EBC3D6A1A072}.Debug|Any CPU.ActiveCfg = Debug|Any CPU
		{24ACF852-C483-4B12-AF46-EBC3D6A1A072}.Debug|Any CPU.Build.0 = Debug|Any CPU
		{24ACF852-C483-4B12-AF46-EBC3D6A1A072}.Release|Any CPU.ActiveCfg = Release|Any CPU
		{24ACF852-C483-4B12-AF46-EBC3D6A1A072}.Release|Any CPU.Build.0 = Release|Any CPU
	EndGlobalSection
	GlobalSection(SolutionProperties) = preSolution
		HideSolutionNode = FALSE
	EndGlobalSection
	GlobalSection(NestedProjects) = preSolution
		{0B6612CE-F96D-4A61-B46D-AB3206157448} = {54FF9776-1BAC-4798-BFA8-360B31EFA660}
		{949CCC20-E87E-4DE7-8166-1B487E56CB5A} = {54FF9776-1BAC-4798-BFA8-360B31EFA660}
		{0DB83DBA-637C-47B6-B425-9C817A49DE5A} = {EB801145-BA06-45B0-9344-889B4C5F5A57}
		{16929BCE-0EFC-4209-936D-04D610ACF9ED} = {22AE43C4-1028-4385-8453-EA28B4F1533B}
		{24ACF852-C483-4B12-AF46-EBC3D6A1A072} = {7B166A86-89F3-4477-8651-CD2CB99881E9}
	EndGlobalSection
	GlobalSection(ExtensibilityGlobals) = postSolution
		SolutionGuid = {90EC86B8-2F0E-43A2-8E2D-391BF615260D}
	EndGlobalSection
EndGlobal
